dependencies:
  espressif/led_strip:
    component_hash: f0d1b7f93eb3ee57bcfd220656176b0b5616e1947f89ed44364555cf910c4840
    dependencies:
    - name: idf
      require: private
      version: '>=5.0'
    source:
      registry_url: https://components.espressif.com/
      type: service
    version: 3.0.2
  idf:
    source:
      type: idf
    version: 6.0.0
direct_dependencies:
- espressif/led_strip
- idf
manifest_hash: acd91afb05c3f1ce6944498d11a552642d527294ab2691fc1ce0477ffa6c8739
target: esp32s3
version: 3.0.0
